
Microsoft Visual Studio Solution File, Format Version 12.00
# Visual Studio Version 16
VisualStudioVersion = 16.0.28803.452
MinimumVisualStudioVersion = 10.0.40219.1
Project("{FAE04EC0-301F-11D3-BF4B-00C04F79EFBC}") = "UsinagemPecas", "UsinagemPecas.csproj", "{449FE83A-D68F-493E-8E1F-84C01EB95BC3}"
EndProject
Global
	GlobalSection(SolutionConfigurationPlatforms) = preSolution
		Debug|Any CPU = Debug|Any CPU
		Release|Any CPU = Release|Any CPU
	EndGlobalSection
	GlobalSection(ProjectConfigurationPlatforms) = postSolution
		{449FE83A-D68F-493E-8E1F-84C01EB95BC3}.Debug|Any CPU.ActiveCfg = Debug|Any CPU
		{449FE83A-D68F-493E-8E1F-84C01EB95BC3}.Debug|Any CPU.Build.0 = Debug|Any CPU
		{449FE83A-D68F-493E-8E1F-84C01EB95BC3}.Release|Any CPU.ActiveCfg = Release|Any CPU
		{449FE83A-D68F-493E-8E1F-84C01EB95BC3}.Release|Any CPU.Build.0 = Release|Any CPU
	EndGlobalSection
	GlobalSection(SolutionProperties) = preSolution
		HideSolutionNode = FALSE
	EndGlobalSection
	GlobalSection(ExtensibilityGlobals) = postSolution
		SolutionGuid = {48E6D9B7-6B20-4083-BC38-0027CD4EBCF7}
	EndGlobalSection
EndGlobal
